
Microsoft Visual Studio Solution File, Format Version 12.00
# Visual Studio Version 16
VisualStudioVersion = 16.0.31702.278
MinimumVisualStudioVersion = 10.0.40219.1
Project("{FAE04EC0-301F-11D3-BF4B-00C04F79EFBC}") = "List", "List\List.csproj", "{C20058FA-9E9B-4443-919C-0CEF1D1EA3F4}"
EndProject
Global
	GlobalSection(SolutionConfigurationPlatforms) = preSolution
		Debug|Any CPU = Debug|Any CPU
		Release|Any CPU = Release|Any CPU
	EndGlobalSection
	GlobalSection(ProjectConfigurationPlatforms) = postSolution
		{C20058FA-9E9B-4443-919C-0CEF1D1EA3F4}.Debug|Any CPU.ActiveCfg = Debug|Any CPU
		{C20058FA-9E9B-4443-919C-0CEF1D1EA3F4}.Debug|Any CPU.Build.0 = Debug|Any CPU
		{C20058FA-9E9B-4443-919C-0CEF1D1EA3F4}.Release|Any CPU.ActiveCfg = Release|Any CPU
		{C20058FA-9E9B-4443-919C-0CEF1D1EA3F4}.Release|Any CPU.Build.0 = Release|Any CPU
	EndGlobalSection
	GlobalSection(SolutionProperties) = preSolution
		HideSolutionNode = FALSE
	EndGlobalSection
	GlobalSection(ExtensibilityGlobals) = postSolution
		SolutionGuid = {489CE638-C014-4947-8EAB-A853BEB02F50}
	EndGlobalSection
EndGlobal
